
Microsoft Visual Studio Solution File, Format Version 12.00
# Visual Studio 15
VisualStudioVersion = 15.0.27428.2037
MinimumVisualStudioVersion = 10.0.40219.1
Project("{FAE04EC0-301F-11D3-BF4B-00C04F79EFBC}") = "EPSM_System", "EPSM_System\EPSM_System.csproj", "{1004F1AB-AABC-430C-86AC-99500CDF7CC9}"
EndProject
Project("{FAE04EC0-301F-11D3-BF4B-00C04F79EFBC}") = "EPSM_System.BLL", "EPSM_System.BLL\EPSM_System.BLL.csproj", "{0C7B4E75-C388-4D2F-A699-31EAAC68A28E}"
EndProject
Project("{FAE04EC0-301F-11D3-BF4B-00C04F79EFBC}") = "EPSM_System.Model", "EPSM_System.Model\EPSM_System.Model.csproj", "{B28A8883-EA55-43B8-B027-A92C9848C395}"
EndProject
Project("{FAE04EC0-301F-11D3-BF4B-00C04F79EFBC}") = "EPSM_System.DAL", "EPSM_System.DAL\EPSM_System.DAL.csproj", "{F273602E-1D44-4C79-AC2B-4D43EE446FB7}"
EndProject
Global
	GlobalSection(SolutionConfigurationPlatforms) = preSolution
		Debug|Any CPU = Debug|Any CPU
		Release|Any CPU = Release|Any CPU
	EndGlobalSection
	GlobalSection(ProjectConfigurationPlatforms) = postSolution
		{1004F1AB-AABC-430C-86AC-99500CDF7CC9}.Debug|Any CPU.ActiveCfg = Debug|Any CPU
		{1004F1AB-AABC-430C-86AC-99500CDF7CC9}.Debug|Any CPU.Build.0 = Debug|Any CPU
		{1004F1AB-AABC-430C-86AC-99500CDF7CC9}.Release|Any CPU.ActiveCfg = Release|Any CPU
		{1004F1AB-AABC-430C-86AC-99500CDF7CC9}.Release|Any CPU.Build.0 = Release|Any CPU
		{0C7B4E75-C388-4D2F-A699-31EAAC68A28E}.Debug|Any CPU.ActiveCfg = Debug|Any CPU
		{0C7B4E75-C388-4D2F-A699-31EAAC68A28E}.Debug|Any CPU.Build.0 = Debug|Any CPU
		{0C7B4E75-C388-4D2F-A699-31EAAC68A28E}.Release|Any CPU.ActiveCfg = Release|Any CPU
		{0C7B4E75-C388-4D2F-A699-31EAAC68A28E}.Release|Any CPU.Build.0 = Release|Any CPU
		{B28A8883-EA55-43B8-B027-A92C9848C395}.Debug|Any CPU.ActiveCfg = Debug|Any CPU
		{B28A8883-EA55-43B8-B027-A92C9848C395}.Debug|Any CPU.Build.0 = Debug|Any CPU
		{B28A8883-EA55-43B8-B027-A92C9848C395}.Release|Any CPU.ActiveCfg = Release|Any CPU
		{B28A8883-EA55-43B8-B027-A92C9848C395}.Release|Any CPU.Build.0 = Release|Any CPU
		{F273602E-1D44-4C79-AC2B-4D43EE446FB7}.Debug|Any CPU.ActiveCfg = Debug|Any CPU
		{F273602E-1D44-4C79-AC2B-4D43EE446FB7}.Debug|Any CPU.Build.0 = Debug|Any CPU
		{F273602E-1D44-4C79-AC2B-4D43EE446FB7}.Release|Any CPU.ActiveCfg = Release|Any CPU
		{F273602E-1D44-4C79-AC2B-4D43EE446FB7}.Release|Any CPU.Build.0 = Release|Any CPU
	EndGlobalSection
	GlobalSection(SolutionProperties) = preSolution
		HideSolutionNode = FALSE
	EndGlobalSection
	GlobalSection(ExtensibilityGlobals) = postSolution
		SolutionGuid = {4D9F7337-5AE9-4343-88D5-F08E94727EE9}
	EndGlobalSection
EndGlobal
